
Microsoft Visual Studio Solution File, Format Version 12.00
# Visual Studio Version 17
VisualStudioVersion = 17.3.32825.248
MinimumVisualStudioVersion = 10.0.40219.1
Project("{9A19103F-16F7-4668-BE54-9A1E7A4F7556}") = "ConsoleUI", "ConsoleUI\ConsoleUI.csproj", "{BD0488FE-5CB4-4C21-AE73-FB1AF45C369E}"
EndProject
Project("{9A19103F-16F7-4668-BE54-9A1E7A4F7556}") = "Entities", "Entities\Entities.csproj", "{94BA081F-CF56-4EB5-AF09-FC833D121E68}"
EndProject
Project("{9A19103F-16F7-4668-BE54-9A1E7A4F7556}") = "Business", "Business\Business.csproj", "{FDDB3065-7B44-4DBA-AF50-7FEC54ACBB72}"
EndProject
Project("{9A19103F-16F7-4668-BE54-9A1E7A4F7556}") = "DataAccess", "DataAccess\DataAccess.csproj", "{42E0EB00-900C-4248-96B5-BDF65B9CAC3B}"
EndProject
Project("{9A19103F-16F7-4668-BE54-9A1E7A4F7556}") = "Core", "Core\Core.csproj", "{8BF1BF2E-B4EE-4B0B-A71C-DB9996E081A2}"
EndProject
Project("{FAE04EC0-301F-11D3-BF4B-00C04F79EFBC}") = "WebAPI", "WebAPI\WebAPI.csproj", "{2F7D2CC4-BE01-4592-BE39-4EA1F624A262}"
EndProject
Global
	GlobalSection(SolutionConfigurationPlatforms) = preSolution
		Debug|Any CPU = Debug|Any CPU
		Release|Any CPU = Release|Any CPU
	EndGlobalSection
	GlobalSection(ProjectConfigurationPlatforms) = postSolution
		{BD0488FE-5CB4-4C21-AE73-FB1AF45C369E}.Debug|Any CPU.ActiveCfg = Debug|Any CPU
		{BD0488FE-5CB4-4C21-AE73-FB1AF45C369E}.Debug|Any CPU.Build.0 = Debug|Any CPU
		{BD0488FE-5CB4-4C21-AE73-FB1AF45C369E}.Release|Any CPU.ActiveCfg = Release|Any CPU
		{BD0488FE-5CB4-4C21-AE73-FB1AF45C369E}.Release|Any CPU.Build.0 = Release|Any CPU
		{94BA081F-CF56-4EB5-AF09-FC833D121E68}.Debug|Any CPU.ActiveCfg = Debug|Any CPU
		{94BA081F-CF56-4EB5-AF09-FC833D121E68}.Debug|Any CPU.Build.0 = Debug|Any CPU
		{94BA081F-CF56-4EB5-AF09-FC833D121E68}.Release|Any CPU.ActiveCfg = Release|Any CPU
		{94BA081F-CF56-4EB5-AF09-FC833D121E68}.Release|Any CPU.Build.0 = Release|Any CPU
		{FDDB3065-7B44-4DBA-AF50-7FEC54ACBB72}.Debug|Any CPU.ActiveCfg = Debug|Any CPU
		{FDDB3065-7B44-4DBA-AF50-7FEC54ACBB72}.Debug|Any CPU.Build.0 = Debug|Any CPU
		{FDDB3065-7B44-4DBA-AF50-7FEC54ACBB72}.Release|Any CPU.ActiveCfg = Release|Any CPU
		{FDDB3065-7B44-4DBA-AF50-7FEC54ACBB72}.Release|Any CPU.Build.0 = Release|Any CPU
		{42E0EB00-900C-4248-96B5-BDF65B9CAC3B}.Debug|Any CPU.ActiveCfg = Debug|Any CPU
		{42E0EB00-900C-4248-96B5-BDF65B9CAC3B}.Debug|Any CPU.Build.0 = Debug|Any CPU
		{42E0EB00-900C-4248-96B5-BDF65B9CAC3B}.Release|Any CPU.ActiveCfg = Release|Any CPU
		{42E0EB00-900C-4248-96B5-BDF65B9CAC3B}.Release|Any CPU.Build.0 = Release|Any CPU
		{8BF1BF2E-B4EE-4B0B-A71C-DB9996E081A2}.Debug|Any CPU.ActiveCfg = Debug|Any CPU
		{8BF1BF2E-B4EE-4B0B-A71C-DB9996E081A2}.Debug|Any CPU.Build.0 = Debug|Any CPU
		{8BF1BF2E-B4EE-4B0B-A71C-DB9996E081A2}.Release|Any CPU.ActiveCfg = Release|Any CPU
		{8BF1BF2E-B4EE-4B0B-A71C-DB9996E081A2}.Release|Any CPU.Build.0 = Release|Any CPU
		{2F7D2CC4-BE01-4592-BE39-4EA1F624A262}.Debug|Any CPU.ActiveCfg = Debug|Any CPU
		{2F7D2CC4-BE01-4592-BE39-4EA1F624A262}.Debug|Any CPU.Build.0 = Debug|Any CPU
		{2F7D2CC4-BE01-4592-BE39-4EA1F624A262}.Release|Any CPU.ActiveCfg = Release|Any CPU
		{2F7D2CC4-BE01-4592-BE39-4EA1F624A262}.Release|Any CPU.Build.0 = Release|Any CPU
	EndGlobalSection
	GlobalSection(SolutionProperties) = preSolution
		HideSolutionNode = FALSE
	EndGlobalSection
	GlobalSection(ExtensibilityGlobals) = postSolution
		SolutionGuid = {06325C68-8916-44FB-B6D5-40C4E99849BC}
	EndGlobalSection
EndGlobal
